
Microsoft Visual Studio Solution File, Format Version 12.00
# Visual Studio Version 17
VisualStudioVersion = 17.13.35825.156
MinimumVisualStudioVersion = 10.0.40219.1
Project("{FAE04EC0-301F-11D3-BF4B-00C04F79EFBC}") = "Auth-microservice", "Auth-microservice\Auth-microservice.csproj", "{242DABFA-DD02-468B-8192-A3980F7C62B3}"
EndProject
Project("{FAE04EC0-301F-11D3-BF4B-00C04F79EFBC}") = "Patient-microservice", "Patient-microservice\Patient-microservice.csproj", "{17C6AC67-2D61-45FA-984B-41F1F3A75C43}"
EndProject
Project("{FAE04EC0-301F-11D3-BF4B-00C04F79EFBC}") = "API_Gateway-microservice", "API_Gateway-microservice\API_Gateway-microservice.csproj", "{53E05101-D613-4F78-8E3B-8730AE9A8E46}"
EndProject
Project("{FAE04EC0-301F-11D3-BF4B-00C04F79EFBC}") = "Rendez_vous-microservice", "Rendez_vous-microservice\Rendez_vous-microservice.csproj", "{133C571A-9004-4781-86FE-353F149329B8}"
EndProject
Global
	GlobalSection(SolutionConfigurationPlatforms) = preSolution
		Debug|Any CPU = Debug|Any CPU
		Release|Any CPU = Release|Any CPU
	EndGlobalSection
	GlobalSection(ProjectConfigurationPlatforms) = postSolution
		{242DABFA-DD02-468B-8192-A3980F7C62B3}.Debug|Any CPU.ActiveCfg = Debug|Any CPU
		{242DABFA-DD02-468B-8192-A3980F7C62B3}.Debug|Any CPU.Build.0 = Debug|Any CPU
		{242DABFA-DD02-468B-8192-A3980F7C62B3}.Release|Any CPU.ActiveCfg = Release|Any CPU
		{242DABFA-DD02-468B-8192-A3980F7C62B3}.Release|Any CPU.Build.0 = Release|Any CPU
		{17C6AC67-2D61-45FA-984B-41F1F3A75C43}.Debug|Any CPU.ActiveCfg = Debug|Any CPU
		{17C6AC67-2D61-45FA-984B-41F1F3A75C43}.Debug|Any CPU.Build.0 = Debug|Any CPU
		{17C6AC67-2D61-45FA-984B-41F1F3A75C43}.Release|Any CPU.ActiveCfg = Release|Any CPU
		{17C6AC67-2D61-45FA-984B-41F1F3A75C43}.Release|Any CPU.Build.0 = Release|Any CPU
		{53E05101-D613-4F78-8E3B-8730AE9A8E46}.Debug|Any CPU.ActiveCfg = Debug|Any CPU
		{53E05101-D613-4F78-8E3B-8730AE9A8E46}.Debug|Any CPU.Build.0 = Debug|Any CPU
		{53E05101-D613-4F78-8E3B-8730AE9A8E46}.Release|Any CPU.ActiveCfg = Release|Any CPU
		{53E05101-D613-4F78-8E3B-8730AE9A8E46}.Release|Any CPU.Build.0 = Release|Any CPU
		{133C571A-9004-4781-86FE-353F149329B8}.Debug|Any CPU.ActiveCfg = Debug|Any CPU
		{133C571A-9004-4781-86FE-353F149329B8}.Debug|Any CPU.Build.0 = Debug|Any CPU
		{133C571A-9004-4781-86FE-353F149329B8}.Release|Any CPU.ActiveCfg = Release|Any CPU
		{133C571A-9004-4781-86FE-353F149329B8}.Release|Any CPU.Build.0 = Release|Any CPU
	EndGlobalSection
	GlobalSection(SolutionProperties) = preSolution
		HideSolutionNode = FALSE
	EndGlobalSection
	GlobalSection(ExtensibilityGlobals) = postSolution
		SolutionGuid = {2E09D2AC-FE61-4559-9011-7324A41E2077}
	EndGlobalSection
EndGlobal
